Microsoft Visual Studio Solution File, Format Version 12.00
# Visual Studio Version 17
VisualStudioVersion = 17.13.35828.75
MinimumVisualStudioVersion = 10.0.40219.1
Project("{FAE04EC0-301F-11D3-BF4B-00C04F79EFBC}") = "Plan&Scan", "Plan&Scan\Plan&Scan.csproj", "{28CA6F5D-C042-482D-A89B-27C3F63B986C}"
EndProject
Global
	GlobalSection(SolutionConfigurationPlatforms) = preSolution
		Debug|Any CPU = Debug|Any CPU
		Release|Any CPU = Release|Any CPU
	EndGlobalSection
	GlobalSection(ProjectConfigurationPlatforms) = postSolution
		{28CA6F5D-C042-482D-A89B-27C3F63B986C}.Debug|Any CPU.ActiveCfg = Debug|Any CPU
		{28CA6F5D-C042-482D-A89B-27C3F63B986C}.Debug|Any CPU.Build.0 = Debug|Any CPU
		{28CA6F5D-C042-482D-A89B-27C3F63B986C}.Release|Any CPU.ActiveCfg = Release|Any CPU
		{28CA6F5D-C042-482D-A89B-27C3F63B986C}.Release|Any CPU.Build.0 = Release|Any CPU
	EndGlobalSection
	GlobalSection(SolutionProperties) = preSolution
		HideSolutionNode = FALSE
	EndGlobalSection
	GlobalSection(ExtensibilityGlobals) = postSolution
		SolutionGuid = {C2D17810-7286-4A30-B390-BB90C42F3D22}
	EndGlobalSection
EndGlobal
